
Microsoft Visual Studio Solution File, Format Version 9.00
# Visual Studio 2005
Project("{8BC9CEB8-8B4A-11D0-8D11-00A0C91BC942}") = "lab2", "lab2.vcproj", "{BBFBB568-C71B-4CD5-AD69-20F5FF8CECFD}"
EndProject
Global
	GlobalSection(SolutionConfigurationPlatforms) = preSolution
		Debug|Win32 = Debug|Win32
		Release|Win32 = Release|Win32
	EndGlobalSection
	GlobalSection(ProjectConfigurationPlatforms) = postSolution
		{BBFBB568-C71B-4CD5-AD69-20F5FF8CECFD}.Debug|Win32.ActiveCfg = Debug|Win32
		{BBFBB568-C71B-4CD5-AD69-20F5FF8CECFD}.Debug|Win32.Build.0 = Debug|Win32
		{BBFBB568-C71B-4CD5-AD69-20F5FF8CECFD}.Release|Win32.ActiveCfg = Release|Win32
		{BBFBB568-C71B-4CD5-AD69-20F5FF8CECFD}.Release|Win32.Build.0 = Release|Win32
	EndGlobalSection
	GlobalSection(SolutionProperties) = preSolution
		HideSolutionNode = FALSE
	EndGlobalSection
EndGlobal
